
Microsoft Visual Studio Solution File, Format Version 12.00
# Visual Studio Version 17
VisualStudioVersion = 17.11.35303.130
MinimumVisualStudioVersion = 10.0.40219.1
Project("{8BC9CEB8-8B4A-11D0-8D11-00A0C91BC942}") = "lab_5.0", "lab_5.0\lab_5.0.vcxproj", "{69C6CFB2-15A6-4C5C-81AD-F5DB37F4ECE3}"
EndProject
Project("{8BC9CEB8-8B4A-11D0-8D11-00A0C91BC942}") = "UnitTest1", "UnitTest1\UnitTest1.vcxproj", "{99F657C4-13F0-488B-BE17-3CCA4575A82F}"
EndProject
Global
	GlobalSection(SolutionConfigurationPlatforms) = preSolution
		Debug|x64 = Debug|x64
		Debug|x86 = Debug|x86
		Release|x64 = Release|x64
		Release|x86 = Release|x86
	EndGlobalSection
	GlobalSection(ProjectConfigurationPlatforms) = postSolution
		{69C6CFB2-15A6-4C5C-81AD-F5DB37F4ECE3}.Debug|x64.ActiveCfg = Debug|x64
		{69C6CFB2-15A6-4C5C-81AD-F5DB37F4ECE3}.Debug|x64.Build.0 = Debug|x64
		{69C6CFB2-15A6-4C5C-81AD-F5DB37F4ECE3}.Debug|x86.ActiveCfg = Debug|Win32
		{69C6CFB2-15A6-4C5C-81AD-F5DB37F4ECE3}.Debug|x86.Build.0 = Debug|Win32
		{69C6CFB2-15A6-4C5C-81AD-F5DB37F4ECE3}.Release|x64.ActiveCfg = Release|x64
		{69C6CFB2-15A6-4C5C-81AD-F5DB37F4ECE3}.Release|x64.Build.0 = Release|x64
		{69C6CFB2-15A6-4C5C-81AD-F5DB37F4ECE3}.Release|x86.ActiveCfg = Release|Win32
		{69C6CFB2-15A6-4C5C-81AD-F5DB37F4ECE3}.Release|x86.Build.0 = Release|Win32
		{99F657C4-13F0-488B-BE17-3CCA4575A82F}.Debug|x64.ActiveCfg = Debug|x64
		{99F657C4-13F0-488B-BE17-3CCA4575A82F}.Debug|x64.Build.0 = Debug|x64
		{99F657C4-13F0-488B-BE17-3CCA4575A82F}.Debug|x86.ActiveCfg = Debug|Win32
		{99F657C4-13F0-488B-BE17-3CCA4575A82F}.Debug|x86.Build.0 = Debug|Win32
		{99F657C4-13F0-488B-BE17-3CCA4575A82F}.Release|x64.ActiveCfg = Release|x64
		{99F657C4-13F0-488B-BE17-3CCA4575A82F}.Release|x64.Build.0 = Release|x64
		{99F657C4-13F0-488B-BE17-3CCA4575A82F}.Release|x86.ActiveCfg = Release|Win32
		{99F657C4-13F0-488B-BE17-3CCA4575A82F}.Release|x86.Build.0 = Release|Win32
	EndGlobalSection
	GlobalSection(SolutionProperties) = preSolution
		HideSolutionNode = FALSE
	EndGlobalSection
	GlobalSection(ExtensibilityGlobals) = postSolution
		SolutionGuid = {5201D22C-9EB7-4F90-9AB7-23BBE919343B}
	EndGlobalSection
EndGlobal
